
Microsoft Visual Studio Solution File, Format Version 12.00
# Visual Studio Version 17
VisualStudioVersion = 17.8.34316.72
MinimumVisualStudioVersion = 10.0.40219.1
Project("{9A19103F-16F7-4668-BE54-9A1E7A4F7556}") = "MovieAppMVC", "MovieMVC\MovieAppMVC.csproj", "{940E09A7-3E11-44D6-9C07-C052A139407F}"
EndProject
Global
	GlobalSection(SolutionConfigurationPlatforms) = preSolution
		Debug|Any CPU = Debug|Any CPU
		Release|Any CPU = Release|Any CPU
	EndGlobalSection
	GlobalSection(ProjectConfigurationPlatforms) = postSolution
		{940E09A7-3E11-44D6-9C07-C052A139407F}.Debug|Any CPU.ActiveCfg = Debug|Any CPU
		{940E09A7-3E11-44D6-9C07-C052A139407F}.Debug|Any CPU.Build.0 = Debug|Any CPU
		{940E09A7-3E11-44D6-9C07-C052A139407F}.Release|Any CPU.ActiveCfg = Release|Any CPU
		{940E09A7-3E11-44D6-9C07-C052A139407F}.Release|Any CPU.Build.0 = Release|Any CPU
	EndGlobalSection
	GlobalSection(SolutionProperties) = preSolution
		HideSolutionNode = FALSE
	EndGlobalSection
	GlobalSection(ExtensibilityGlobals) = postSolution
		SolutionGuid = {05401EE2-5816-42E1-A860-9D898744873E}
	EndGlobalSection
EndGlobal
